
Microsoft Visual Studio Solution File, Format Version 12.00
# Visual Studio Version 16
VisualStudioVersion = 16.0.29728.190
MinimumVisualStudioVersion = 10.0.40219.1
Project("{FAE04EC0-301F-11D3-BF4B-00C04F79EFBC}") = "BeautyStore", "BeautyStore\BeautyStore.csproj", "{175C265D-7812-4E98-9A80-3682ACD42319}"
EndProject
Project("{FAE04EC0-301F-11D3-BF4B-00C04F79EFBC}") = "BeautyStore.Identity", "BeautyStore.Identity\BeautyStore.Identity.csproj", "{412735E9-C992-497E-A2DA-8526AD278446}"
EndProject
Project("{FAE04EC0-301F-11D3-BF4B-00C04F79EFBC}") = "BeautyStore.Entities", "BeautyStore.Entities\BeautyStore.Entities.csproj", "{92D7493A-7DC0-4433-AE41-EAEC9B09C6DE}"
EndProject
Global
	GlobalSection(SolutionConfigurationPlatforms) = preSolution
		Debug|Any CPU = Debug|Any CPU
		Release|Any CPU = Release|Any CPU
	EndGlobalSection
	GlobalSection(ProjectConfigurationPlatforms) = postSolution
		{175C265D-7812-4E98-9A80-3682ACD42319}.Debug|Any CPU.ActiveCfg = Debug|Any CPU
		{175C265D-7812-4E98-9A80-3682ACD42319}.Debug|Any CPU.Build.0 = Debug|Any CPU
		{175C265D-7812-4E98-9A80-3682ACD42319}.Release|Any CPU.ActiveCfg = Release|Any CPU
		{175C265D-7812-4E98-9A80-3682ACD42319}.Release|Any CPU.Build.0 = Release|Any CPU
		{412735E9-C992-497E-A2DA-8526AD278446}.Debug|Any CPU.ActiveCfg = Debug|Any CPU
		{412735E9-C992-497E-A2DA-8526AD278446}.Debug|Any CPU.Build.0 = Debug|Any CPU
		{412735E9-C992-497E-A2DA-8526AD278446}.Release|Any CPU.ActiveCfg = Release|Any CPU
		{412735E9-C992-497E-A2DA-8526AD278446}.Release|Any CPU.Build.0 = Release|Any CPU
		{92D7493A-7DC0-4433-AE41-EAEC9B09C6DE}.Debug|Any CPU.ActiveCfg = Debug|Any CPU
		{92D7493A-7DC0-4433-AE41-EAEC9B09C6DE}.Debug|Any CPU.Build.0 = Debug|Any CPU
		{92D7493A-7DC0-4433-AE41-EAEC9B09C6DE}.Release|Any CPU.ActiveCfg = Release|Any CPU
		{92D7493A-7DC0-4433-AE41-EAEC9B09C6DE}.Release|Any CPU.Build.0 = Release|Any CPU
	EndGlobalSection
	GlobalSection(SolutionProperties) = preSolution
		HideSolutionNode = FALSE
	EndGlobalSection
	GlobalSection(ExtensibilityGlobals) = postSolution
		SolutionGuid = {06CD7C9D-D5A9-4AB5-AC50-ACAD35715E19}
	EndGlobalSection
EndGlobal
